
Microsoft Visual Studio Solution File, Format Version 12.00
Project("{FAE04EC0-301F-11D3-BF4B-00C04F79EFBC}") = "clone_dev_to", "clone_dev_to\clone_dev_to.csproj", "{1817B5E7-9E25-4636-9FCD-175FB9B1F5DA}"
EndProject
Project("{FAE04EC0-301F-11D3-BF4B-00C04F79EFBC}") = "clone_dev_to_test", "clone_dev_to_test\clone_dev_to_test.csproj", "{4EEC38B9-8321-4DE1-859A-F619F8D99C53}"
EndProject
Global
	GlobalSection(SolutionConfigurationPlatforms) = preSolution
		Debug|Any CPU = Debug|Any CPU
		Release|Any CPU = Release|Any CPU
	EndGlobalSection
	GlobalSection(ProjectConfigurationPlatforms) = postSolution
		{1817B5E7-9E25-4636-9FCD-175FB9B1F5DA}.Debug|Any CPU.ActiveCfg = Debug|Any CPU
		{1817B5E7-9E25-4636-9FCD-175FB9B1F5DA}.Debug|Any CPU.Build.0 = Debug|Any CPU
		{1817B5E7-9E25-4636-9FCD-175FB9B1F5DA}.Release|Any CPU.ActiveCfg = Release|Any CPU
		{1817B5E7-9E25-4636-9FCD-175FB9B1F5DA}.Release|Any CPU.Build.0 = Release|Any CPU
		{4EEC38B9-8321-4DE1-859A-F619F8D99C53}.Debug|Any CPU.ActiveCfg = Debug|Any CPU
		{4EEC38B9-8321-4DE1-859A-F619F8D99C53}.Debug|Any CPU.Build.0 = Debug|Any CPU
		{4EEC38B9-8321-4DE1-859A-F619F8D99C53}.Release|Any CPU.ActiveCfg = Release|Any CPU
		{4EEC38B9-8321-4DE1-859A-F619F8D99C53}.Release|Any CPU.Build.0 = Release|Any CPU
	EndGlobalSection
EndGlobal
